
Microsoft Visual Studio Solution File, Format Version 12.00
# Visual Studio Version 17
VisualStudioVersion = 17.14.36908.2 d17.14
MinimumVisualStudioVersion = 10.0.40219.1
Project("{FAE04EC0-301F-11D3-BF4B-00C04F79EFBC}") = "At.Matus.UtilityMeter", "At.Matus.UtilityMeter.csproj", "{A6C98C55-75C2-424A-B6E3-9272B8B57133}"
EndProject
Project("{FAE04EC0-301F-11D3-BF4B-00C04F79EFBC}") = "UtilMeterPlayGround", "..\UtilMeterPlayGround\UtilMeterPlayGround.csproj", "{64C6DAFA-4BE0-41E2-8AC7-2F7EB75B4B17}"
EndProject
Global
	GlobalSection(SolutionConfigurationPlatforms) = preSolution
		Debug|Any CPU = Debug|Any CPU
		Release|Any CPU = Release|Any CPU
	EndGlobalSection
	GlobalSection(ProjectConfigurationPlatforms) = postSolution
		{A6C98C55-75C2-424A-B6E3-9272B8B57133}.Debug|Any CPU.ActiveCfg = Debug|Any CPU
		{A6C98C55-75C2-424A-B6E3-9272B8B57133}.Debug|Any CPU.Build.0 = Debug|Any CPU
		{A6C98C55-75C2-424A-B6E3-9272B8B57133}.Release|Any CPU.ActiveCfg = Release|Any CPU
		{A6C98C55-75C2-424A-B6E3-9272B8B57133}.Release|Any CPU.Build.0 = Release|Any CPU
		{64C6DAFA-4BE0-41E2-8AC7-2F7EB75B4B17}.Debug|Any CPU.ActiveCfg = Debug|Any CPU
		{64C6DAFA-4BE0-41E2-8AC7-2F7EB75B4B17}.Debug|Any CPU.Build.0 = Debug|Any CPU
		{64C6DAFA-4BE0-41E2-8AC7-2F7EB75B4B17}.Release|Any CPU.ActiveCfg = Release|Any CPU
		{64C6DAFA-4BE0-41E2-8AC7-2F7EB75B4B17}.Release|Any CPU.Build.0 = Release|Any CPU
	EndGlobalSection
	GlobalSection(SolutionProperties) = preSolution
		HideSolutionNode = FALSE
	EndGlobalSection
	GlobalSection(ExtensibilityGlobals) = postSolution
		SolutionGuid = {4DF90FCF-2555-44D2-AC50-A1CCFEE1FF3B}
	EndGlobalSection
EndGlobal
